
Microsoft Visual Studio Solution File, Format Version 12.00
# Visual Studio Version 17
VisualStudioVersion = 17.10.35027.167
MinimumVisualStudioVersion = 10.0.40219.1
Project("{FAE04EC0-301F-11D3-BF4B-00C04F79EFBC}") = "Task1", "Task1\Task1.csproj", "{643A0932-1040-4A5E-A890-E01A1AB4675C}"
EndProject
Project("{FAE04EC0-301F-11D3-BF4B-00C04F79EFBC}") = "Task2", "Task2\Task2.csproj", "{818F8C15-D698-4A02-8511-E691D740BD2E}"
EndProject
Project("{FAE04EC0-301F-11D3-BF4B-00C04F79EFBC}") = "Task3", "Task3\Task3.csproj", "{1BE57ABF-473A-4CAF-B86C-7D54000A607E}"
EndProject
Project("{FAE04EC0-301F-11D3-BF4B-00C04F79EFBC}") = "Task4", "Task4\Task4.csproj", "{74DB1DFD-40B8-4B23-8966-93B60DF1F0B8}"
EndProject
Project("{FAE04EC0-301F-11D3-BF4B-00C04F79EFBC}") = "Task5", "Task5\Task5.csproj", "{CFC6B3E1-A555-4296-80F8-32261D3DACFC}"
EndProject
Project("{FAE04EC0-301F-11D3-BF4B-00C04F79EFBC}") = "Task6", "Task6\Task6.csproj", "{38A4C77E-FAF7-4FBB-910A-A8DA5A314E3B}"
EndProject
Project("{FAE04EC0-301F-11D3-BF4B-00C04F79EFBC}") = "Task7", "Task7\Task7.csproj", "{EEAE0713-EB8E-4047-93F1-01F142C6206C}"
EndProject
Project("{FAE04EC0-301F-11D3-BF4B-00C04F79EFBC}") = "Task9", "Task9\Task9.csproj", "{E8B1F094-DC84-4769-B660-DF48FCDF5905}"
EndProject
Project("{9A19103F-16F7-4668-BE54-9A1E7A4F7556}") = "Task10", "Task10\Task10.csproj", "{A99504A6-2917-425A-98DD-F016A752AAF5}"
EndProject
Project("{9A19103F-16F7-4668-BE54-9A1E7A4F7556}") = "Task8", "Task8\Task8.csproj", "{1E96A7A2-DBB4-48EA-827B-8DC5419EE596}"
EndProject
Global
	GlobalSection(SolutionConfigurationPlatforms) = preSolution
		Debug|Any CPU = Debug|Any CPU
		Release|Any CPU = Release|Any CPU
	EndGlobalSection
	GlobalSection(ProjectConfigurationPlatforms) = postSolution
		{643A0932-1040-4A5E-A890-E01A1AB4675C}.Debug|Any CPU.ActiveCfg = Debug|Any CPU
		{643A0932-1040-4A5E-A890-E01A1AB4675C}.Debug|Any CPU.Build.0 = Debug|Any CPU
		{643A0932-1040-4A5E-A890-E01A1AB4675C}.Release|Any CPU.ActiveCfg = Release|Any CPU
		{643A0932-1040-4A5E-A890-E01A1AB4675C}.Release|Any CPU.Build.0 = Release|Any CPU
		{818F8C15-D698-4A02-8511-E691D740BD2E}.Debug|Any CPU.ActiveCfg = Debug|Any CPU
		{818F8C15-D698-4A02-8511-E691D740BD2E}.Debug|Any CPU.Build.0 = Debug|Any CPU
		{818F8C15-D698-4A02-8511-E691D740BD2E}.Release|Any CPU.ActiveCfg = Release|Any CPU
		{818F8C15-D698-4A02-8511-E691D740BD2E}.Release|Any CPU.Build.0 = Release|Any CPU
		{1BE57ABF-473A-4CAF-B86C-7D54000A607E}.Debug|Any CPU.ActiveCfg = Debug|Any CPU
		{1BE57ABF-473A-4CAF-B86C-7D54000A607E}.Debug|Any CPU.Build.0 = Debug|Any CPU
		{1BE57ABF-473A-4CAF-B86C-7D54000A607E}.Release|Any CPU.ActiveCfg = Release|Any CPU
		{1BE57ABF-473A-4CAF-B86C-7D54000A607E}.Release|Any CPU.Build.0 = Release|Any CPU
		{74DB1DFD-40B8-4B23-8966-93B60DF1F0B8}.Debug|Any CPU.ActiveCfg = Debug|Any CPU
		{74DB1DFD-40B8-4B23-8966-93B60DF1F0B8}.Debug|Any CPU.Build.0 = Debug|Any CPU
		{74DB1DFD-40B8-4B23-8966-93B60DF1F0B8}.Release|Any CPU.ActiveCfg = Release|Any CPU
		{74DB1DFD-40B8-4B23-8966-93B60DF1F0B8}.Release|Any CPU.Build.0 = Release|Any CPU
		{CFC6B3E1-A555-4296-80F8-32261D3DACFC}.Debug|Any CPU.ActiveCfg = Debug|Any CPU
		{CFC6B3E1-A555-4296-80F8-32261D3DACFC}.Debug|Any CPU.Build.0 = Debug|Any CPU
		{CFC6B3E1-A555-4296-80F8-32261D3DACFC}.Release|Any CPU.ActiveCfg = Release|Any CPU
		{CFC6B3E1-A555-4296-80F8-32261D3DACFC}.Release|Any CPU.Build.0 = Release|Any CPU
		{38A4C77E-FAF7-4FBB-910A-A8DA5A314E3B}.Debug|Any CPU.ActiveCfg = Debug|Any CPU
		{38A4C77E-FAF7-4FBB-910A-A8DA5A314E3B}.Debug|Any CPU.Build.0 = Debug|Any CPU
		{38A4C77E-FAF7-4FBB-910A-A8DA5A314E3B}.Release|Any CPU.ActiveCfg = Release|Any CPU
		{38A4C77E-FAF7-4FBB-910A-A8DA5A314E3B}.Release|Any CPU.Build.0 = Release|Any CPU
		{EEAE0713-EB8E-4047-93F1-01F142C6206C}.Debug|Any CPU.ActiveCfg = Debug|Any CPU
		{EEAE0713-EB8E-4047-93F1-01F142C6206C}.Debug|Any CPU.Build.0 = Debug|Any CPU
		{EEAE0713-EB8E-4047-93F1-01F142C6206C}.Release|Any CPU.ActiveCfg = Release|Any CPU
		{EEAE0713-EB8E-4047-93F1-01F142C6206C}.Release|Any CPU.Build.0 = Release|Any CPU
		{E8B1F094-DC84-4769-B660-DF48FCDF5905}.Debug|Any CPU.ActiveCfg = Debug|Any CPU
		{E8B1F094-DC84-4769-B660-DF48FCDF5905}.Debug|Any CPU.Build.0 = Debug|Any CPU
		{E8B1F094-DC84-4769-B660-DF48FCDF5905}.Release|Any CPU.ActiveCfg = Release|Any CPU
		{E8B1F094-DC84-4769-B660-DF48FCDF5905}.Release|Any CPU.Build.0 = Release|Any CPU
		{A99504A6-2917-425A-98DD-F016A752AAF5}.Debug|Any CPU.ActiveCfg = Debug|Any CPU
		{A99504A6-2917-425A-98DD-F016A752AAF5}.Debug|Any CPU.Build.0 = Debug|Any CPU
		{A99504A6-2917-425A-98DD-F016A752AAF5}.Release|Any CPU.ActiveCfg = Release|Any CPU
		{A99504A6-2917-425A-98DD-F016A752AAF5}.Release|Any CPU.Build.0 = Release|Any CPU
		{1E96A7A2-DBB4-48EA-827B-8DC5419EE596}.Debug|Any CPU.ActiveCfg = Debug|Any CPU
		{1E96A7A2-DBB4-48EA-827B-8DC5419EE596}.Debug|Any CPU.Build.0 = Debug|Any CPU
		{1E96A7A2-DBB4-48EA-827B-8DC5419EE596}.Release|Any CPU.ActiveCfg = Release|Any CPU
		{1E96A7A2-DBB4-48EA-827B-8DC5419EE596}.Release|Any CPU.Build.0 = Release|Any CPU
	EndGlobalSection
	GlobalSection(SolutionProperties) = preSolution
		HideSolutionNode = FALSE
	EndGlobalSection
	GlobalSection(ExtensibilityGlobals) = postSolution
		SolutionGuid = {57939496-6CEC-49C3-BAD5-05BF1707C202}
	EndGlobalSection
EndGlobal
